GITHUBTARBALL
  remote: boxen/puppet-boxen
  specs:
    boxen (3.11.0)

GITHUBTARBALL
  remote: boxen/puppet-brewcask
  specs:
    brewcask (0.0.6)

GITHUBTARBALL
  remote: boxen/puppet-dnsmasq
  specs:
    dnsmasq (2.0.1)

GITHUBTARBALL
  remote: boxen/puppet-foreman
  specs:
    foreman (1.2.0)

GITHUBTARBALL
  remote: boxen/puppet-gcc
  specs:
    gcc (3.0.2)

GITHUBTARBALL
  remote: boxen/puppet-git
  specs:
    git (2.7.92)

GITHUBTARBALL
  remote: boxen/puppet-go
  specs:
    go (2.1.0)

GITHUBTARBALL
  remote: boxen/puppet-homebrew
  specs:
    homebrew (2.0.0)

GITHUBTARBALL
  remote: boxen/puppet-hub
  specs:
    hub (1.4.1)

GITHUBTARBALL
  remote: boxen/puppet-mysql
  specs:
    mysql (2.1.2)

GITHUBTARBALL
  remote: boxen/puppet-openssl
  specs:
    openssl (1.0.0)

GITHUBTARBALL
  remote: boxen/puppet-osx
  specs:
    osx (2.8.0)

GITHUBTARBALL
  remote: boxen/puppet-phantomjs
  specs:
    phantomjs (3.0.0)

GITHUBTARBALL
  remote: boxen/puppet-pkgconfig
  specs:
    pkgconfig (1.0.0)

GITHUBTARBALL
  remote: boxen/puppet-postgresql
  specs:
    postgresql (4.0.1)

GITHUBTARBALL
  remote: boxen/puppet-python
  specs:
    python (2.0.1)

GITHUBTARBALL
  remote: toro-io/puppet-redis
  specs:
    redis (3.2.1)

GITHUBTARBALL
  remote: boxen/puppet-repository
  specs:
    repository (2.4.1)

GITHUBTARBALL
  remote: boxen/puppet-ruby
  specs:
    ruby (8.5.2)

GITHUBTARBALL
  remote: boxen/puppet-sudo
  specs:
    sudo (1.0.0)

GITHUBTARBALL
  remote: boxen/puppet-sysctl
  specs:
    sysctl (1.0.1)

GITHUBTARBALL
  remote: boxen/puppet-vagrant
  specs:
    vagrant (3.3.3)

GITHUBTARBALL
  remote: boxen/puppet-wget
  specs:
    wget (1.0.1)

GITHUBTARBALL
  remote: boxen/puppet-zsh
  specs:
    zsh (1.0.0)

GITHUBTARBALL
  remote: puppetlabs/puppetlabs-inifile
  specs:
    inifile (1.4.1)

GITHUBTARBALL
  remote: puppetlabs/puppetlabs-stdlib
  specs:
    stdlib (4.7.0)

GITHUBTARBALL
  remote: ripienaar/puppet-module-data
  specs:
    module_data (0.0.4)

GITHUBTARBALL
  remote: toro-io/puppet-mongodb
  specs:
    mongodb (1.4.1)

GITHUBTARBALL
  remote: toro-io/puppet-nginx
  specs:
    nginx (1.4.7)

GITHUBTARBALL
  remote: toro-io/puppet-nodejs
  specs:
    nodejs (5.0.3)

GITHUBTARBALL
  remote: toro-io/puppet-tunnelblick
  specs:
    tunnelblick (1.0.8)

GITHUBTARBALL
  remote: toro-io/puppet-virtualbox
  specs:
    virtualbox (1.0.14)

GITHUBTARBALL
  remote: toro-io/puppet-xquartz
  specs:
    xquartz (1.2.2)

DEPENDENCIES
  boxen (= 3.11.0)
  brewcask (= 0.0.6)
  dnsmasq (= 2.0.1)
  foreman (= 1.2.0)
  gcc (= 3.0.2)
  git (= 2.7.92)
  go (= 2.1.0)
  homebrew (= 2.0.0)
  hub (= 1.4.1)
  inifile (= 1.4.1)
  module_data (= 0.0.4)
  mongodb (= 1.4.1)
  mysql (= 2.1.2)
  nginx (= 1.4.7)
  nodejs (= 5.0.3)
  openssl (= 1.0.0)
  osx (= 2.8.0)
  phantomjs (= 3.0.0)
  pkgconfig (= 1.0.0)
  postgresql (= 4.0.1)
  python (= 2.0.1)
  redis (= 3.2.1)
  repository (= 2.4.1)
  ruby (= 8.5.2)
  stdlib (= 4.7.0)
  sudo (= 1.0.0)
  sysctl (= 1.0.1)
  tunnelblick (= 1.0.8)
  vagrant (= 3.3.3)
  virtualbox (= 1.0.14)
  wget (= 1.0.1)
  xquartz (= 1.2.2)
  zsh (= 1.0.0)
